{
  "requires": true,
  "lockfileVersion": 1,
  "dependencies": {
    "add": {
      "version": "2.0.6",
      "resolved": "https://registry.npmjs.org/add/-/add-2.0.6.tgz",
      "integrity": "sha1-JI8Kn25aUo7yKV2+7DBTITCuIjU="
    },
    "fecha": {
      "version": "4.2.0",
      "resolved": "https://registry.npmjs.org/fecha/-/fecha-4.2.0.tgz",
      "integrity": "sha512-aN3pcx/DSmtyoovUudctc8+6Hl4T+hI9GBBHLjA76jdZl7+b1sgh5g4k+u/GL3dTy1/pnYzKp69FpJ0OicE3Wg=="
    },
    "yarn": {
      "version": "1.22.4",
      "resolved": "https://registry.npmjs.org/yarn/-/yarn-1.22.4.tgz",
      "integrity": "sha512-oYM7hi/lIWm9bCoDMEWgffW8aiNZXCWeZ1/tGy0DWrN6vmzjCXIKu2Y21o8DYVBUtiktwKcNoxyGl/2iKLUNGA=="
    }
  }
}
